
Microsoft Visual Studio Solution File, Format Version 12.00
# Visual Studio 15
VisualStudioVersion = 15.0.28307.168
MinimumVisualStudioVersion = 10.0.40219.1
Project("{9A19103F-16F7-4668-BE54-9A1E7A4F7556}") = "eLime.GoogleCloudPrint", "eLime.GoogleCloudPrint\eLime.GoogleCloudPrint.csproj", "{8F0A2002-4BA0-4815-87F9-4D76824DE648}"
EndProject
Project("{9A19103F-16F7-4668-BE54-9A1E7A4F7556}") = "eLime.GoogleCloudPrint.Example", "eLime.GoogleCloudPrint.Example\eLime.GoogleCloudPrint.Example.csproj", "{DADC4586-B80D-4C80-BE23-B699191C30EC}"
EndProject
Global
	GlobalSection(SolutionConfigurationPlatforms) = preSolution
		Debug|Any CPU = Debug|Any CPU
		Release|Any CPU = Release|Any CPU
	EndGlobalSection
	GlobalSection(ProjectConfigurationPlatforms) = postSolution
		{8F0A2002-4BA0-4815-87F9-4D76824DE648}.Debug|Any CPU.ActiveCfg = Debug|Any CPU
		{8F0A2002-4BA0-4815-87F9-4D76824DE648}.Debug|Any CPU.Build.0 = Debug|Any CPU
		{8F0A2002-4BA0-4815-87F9-4D76824DE648}.Release|Any CPU.ActiveCfg = Release|Any CPU
		{8F0A2002-4BA0-4815-87F9-4D76824DE648}.Release|Any CPU.Build.0 = Release|Any CPU
		{DADC4586-B80D-4C80-BE23-B699191C30EC}.Debug|Any CPU.ActiveCfg = Debug|Any CPU
		{DADC4586-B80D-4C80-BE23-B699191C30EC}.Debug|Any CPU.Build.0 = Debug|Any CPU
		{DADC4586-B80D-4C80-BE23-B699191C30EC}.Release|Any CPU.ActiveCfg = Release|Any CPU
		{DADC4586-B80D-4C80-BE23-B699191C30EC}.Release|Any CPU.Build.0 = Release|Any CPU
	EndGlobalSection
	GlobalSection(SolutionProperties) = preSolution
		HideSolutionNode = FALSE
	EndGlobalSection
	GlobalSection(ExtensibilityGlobals) = postSolution
		SolutionGuid = {7BF8BAB4-6CAC-4650-AFBE-D2FB4A69A0AC}
	EndGlobalSection
EndGlobal
